
Microsoft Visual Studio Solution File, Format Version 12.00
# Visual Studio Version 16
VisualStudioVersion = 16.0.28407.52
MinimumVisualStudioVersion = 10.0.40219.1
Project("{9A19103F-16F7-4668-BE54-9A1E7A4F7556}") = "CaptainHook.Interfaces", "CaptainHook.Interfaces\CaptainHook.Interfaces.csproj", "{2EFD6F18-374F-4DB7-95D9-419310F5283E}"
EndProject
Project("{9A19103F-16F7-4668-BE54-9A1E7A4F7556}") = "CaptainHook.EndpointDispatcherActor", "CaptainHook.EndpointDispatcherActor\CaptainHook.EndpointDispatcherActor.csproj", "{84A8AF48-7380-4032-AD1C-DBFB947B97F8}"
EndProject
Project("{9A19103F-16F7-4668-BE54-9A1E7A4F7556}") = "CaptainHook.EventHandlerActor", "CaptainHook.EventHandlerActor\CaptainHook.EventHandlerActor.csproj", "{FE882D21-737F-4085-8E33-26E3CD619BD5}"
EndProject
Project("{9A19103F-16F7-4668-BE54-9A1E7A4F7556}") = "CaptainHook.EventReaderActor", "CaptainHook.EventReaderActor\CaptainHook.EventReaderActor.csproj", "{06EAC07A-92C6-455E-BD0C-F25DD35C86EB}"
EndProject
Project("{9A19103F-16F7-4668-BE54-9A1E7A4F7556}") = "CaptainHook.Common", "CaptainHook.Common\CaptainHook.Common.csproj", "{5889AD8A-FFD2-4296-935F-C0111177D742}"
EndProject
Project("{A07B5EB6-E848-4116-A8D0-A826331D98C6}") = "CaptainHook.Fabric", "CaptainHook.Fabric\CaptainHook.Fabric.sfproj", "{D44FA61E-30BD-487C-97CB-877E596872A8}"
EndProject
Project("{9A19103F-16F7-4668-BE54-9A1E7A4F7556}") = "CaptainHook.Api", "CaptainHook.Api\CaptainHook.Api.csproj", "{EF7F5F71-486F-4212-A391-27ABA2DACF74}"
EndProject
Project("{2150E333-8FDC-42A3-9474-1A3956D46DE8}") = "Tests", "Tests", "{6C9D563B-5E8D-49AB-A827-CE98F735567B}"
EndProject
Project("{9A19103F-16F7-4668-BE54-9A1E7A4F7556}") = "CaptainHook.Actors.Tests", "Tests\CaptainHook.Actors.Tests\CaptainHook.Actors.Tests.csproj", "{6DFF2BCE-35E9-4535-996A-8E3F21530EAD}"
EndProject
Project("{9A19103F-16F7-4668-BE54-9A1E7A4F7556}") = "CaptainHook.Test.Api", "CaptainHook.Test.Api\CaptainHook.Test.Api.csproj", "{895674D4-21E7-441D-98D5-3AB4BA2AFF69}"
EndProject
Project("{9A19103F-16F7-4668-BE54-9A1E7A4F7556}") = "CaptainHook.BaselineService", "CaptainHook.BaselineService\CaptainHook.BaselineService.csproj", "{007AB97C-B69B-401D-89C6-02F2F95E5855}"
EndProject
Project("{9A19103F-16F7-4668-BE54-9A1E7A4F7556}") = "CaptainHook.DirectorService", "CaptainHook.DirectorService\CaptainHook.DirectorService.csproj", "{3AB8CE93-C36D-4987-A5DD-5CC2DAEB84B4}"
EndProject
Project("{9A19103F-16F7-4668-BE54-9A1E7A4F7556}") = "CaptainHook.ReaderService", "CaptainHook.ReaderService\CaptainHook.ReaderService.csproj", "{23A8AFDA-979C-48CB-B1A1-72967CCC439C}"
EndProject
Project("{FAE04EC0-301F-11D3-BF4B-00C04F79EFBC}") = "CaptainHook.Common.Tests", "Tests\CaptainHook.Common.Tests\CaptainHook.Common.Tests.csproj", "{C0BA81F8-8C3B-423D-9066-92905CEFCF94}"
EndProject
Global
	GlobalSection(SolutionConfigurationPlatforms) = preSolution
		Debug|Any CPU = Debug|Any CPU
		Debug|x64 = Debug|x64
		Release|Any CPU = Release|Any CPU
		Release|x64 = Release|x64
	EndGlobalSection
	GlobalSection(ProjectConfigurationPlatforms) = postSolution
		{2EFD6F18-374F-4DB7-95D9-419310F5283E}.Debug|Any CPU.ActiveCfg = Debug|x64
		{2EFD6F18-374F-4DB7-95D9-419310F5283E}.Debug|x64.ActiveCfg = Debug|x64
		{2EFD6F18-374F-4DB7-95D9-419310F5283E}.Debug|x64.Build.0 = Debug|x64
		{2EFD6F18-374F-4DB7-95D9-419310F5283E}.Release|Any CPU.ActiveCfg = Release|x64
		{2EFD6F18-374F-4DB7-95D9-419310F5283E}.Release|x64.ActiveCfg = Release|x64
		{2EFD6F18-374F-4DB7-95D9-419310F5283E}.Release|x64.Build.0 = Release|x64
		{84A8AF48-7380-4032-AD1C-DBFB947B97F8}.Debug|Any CPU.ActiveCfg = Debug|x64
		{84A8AF48-7380-4032-AD1C-DBFB947B97F8}.Debug|x64.ActiveCfg = Debug|x64
		{84A8AF48-7380-4032-AD1C-DBFB947B97F8}.Debug|x64.Build.0 = Debug|x64
		{84A8AF48-7380-4032-AD1C-DBFB947B97F8}.Release|Any CPU.ActiveCfg = Release|x64
		{84A8AF48-7380-4032-AD1C-DBFB947B97F8}.Release|x64.ActiveCfg = Release|x64
		{84A8AF48-7380-4032-AD1C-DBFB947B97F8}.Release|x64.Build.0 = Release|x64
		{FE882D21-737F-4085-8E33-26E3CD619BD5}.Debug|Any CPU.ActiveCfg = Debug|x64
		{FE882D21-737F-4085-8E33-26E3CD619BD5}.Debug|x64.ActiveCfg = Debug|x64
		{FE882D21-737F-4085-8E33-26E3CD619BD5}.Debug|x64.Build.0 = Debug|x64
		{FE882D21-737F-4085-8E33-26E3CD619BD5}.Release|Any CPU.ActiveCfg = Release|x64
		{FE882D21-737F-4085-8E33-26E3CD619BD5}.Release|x64.ActiveCfg = Release|x64
		{FE882D21-737F-4085-8E33-26E3CD619BD5}.Release|x64.Build.0 = Release|x64
		{06EAC07A-92C6-455E-BD0C-F25DD35C86EB}.Debug|Any CPU.ActiveCfg = Debug|x64
		{06EAC07A-92C6-455E-BD0C-F25DD35C86EB}.Debug|x64.ActiveCfg = Debug|x64
		{06EAC07A-92C6-455E-BD0C-F25DD35C86EB}.Debug|x64.Build.0 = Debug|x64
		{06EAC07A-92C6-455E-BD0C-F25DD35C86EB}.Release|Any CPU.ActiveCfg = Release|x64
		{06EAC07A-92C6-455E-BD0C-F25DD35C86EB}.Release|x64.ActiveCfg = Release|x64
		{06EAC07A-92C6-455E-BD0C-F25DD35C86EB}.Release|x64.Build.0 = Release|x64
		{5889AD8A-FFD2-4296-935F-C0111177D742}.Debug|Any CPU.ActiveCfg = Debug|x64
		{5889AD8A-FFD2-4296-935F-C0111177D742}.Debug|x64.ActiveCfg = Debug|x64
		{5889AD8A-FFD2-4296-935F-C0111177D742}.Debug|x64.Build.0 = Debug|x64
		{5889AD8A-FFD2-4296-935F-C0111177D742}.Release|Any CPU.ActiveCfg = Release|x64
		{5889AD8A-FFD2-4296-935F-C0111177D742}.Release|x64.ActiveCfg = Release|x64
		{5889AD8A-FFD2-4296-935F-C0111177D742}.Release|x64.Build.0 = Release|x64
		{D44FA61E-30BD-487C-97CB-877E596872A8}.Debug|Any CPU.ActiveCfg = Debug|x64
		{D44FA61E-30BD-487C-97CB-877E596872A8}.Debug|x64.ActiveCfg = Debug|x64
		{D44FA61E-30BD-487C-97CB-877E596872A8}.Debug|x64.Build.0 = Debug|x64
		{D44FA61E-30BD-487C-97CB-877E596872A8}.Debug|x64.Deploy.0 = Debug|x64
		{D44FA61E-30BD-487C-97CB-877E596872A8}.Release|Any CPU.ActiveCfg = Release|x64
		{D44FA61E-30BD-487C-97CB-877E596872A8}.Release|x64.ActiveCfg = Release|x64
		{D44FA61E-30BD-487C-97CB-877E596872A8}.Release|x64.Build.0 = Release|x64
		{D44FA61E-30BD-487C-97CB-877E596872A8}.Release|x64.Deploy.0 = Release|x64
		{EF7F5F71-486F-4212-A391-27ABA2DACF74}.Debug|Any CPU.ActiveCfg = Debug|x64
		{EF7F5F71-486F-4212-A391-27ABA2DACF74}.Debug|x64.ActiveCfg = Debug|x64
		{EF7F5F71-486F-4212-A391-27ABA2DACF74}.Debug|x64.Build.0 = Debug|x64
		{EF7F5F71-486F-4212-A391-27ABA2DACF74}.Release|Any CPU.ActiveCfg = Release|x64
		{EF7F5F71-486F-4212-A391-27ABA2DACF74}.Release|x64.ActiveCfg = Release|x64
		{EF7F5F71-486F-4212-A391-27ABA2DACF74}.Release|x64.Build.0 = Release|x64
		{6DFF2BCE-35E9-4535-996A-8E3F21530EAD}.Debug|Any CPU.ActiveCfg = Debug|x64
		{6DFF2BCE-35E9-4535-996A-8E3F21530EAD}.Debug|x64.ActiveCfg = Debug|x64
		{6DFF2BCE-35E9-4535-996A-8E3F21530EAD}.Debug|x64.Build.0 = Debug|x64
		{6DFF2BCE-35E9-4535-996A-8E3F21530EAD}.Release|Any CPU.ActiveCfg = Release|x64
		{6DFF2BCE-35E9-4535-996A-8E3F21530EAD}.Release|x64.ActiveCfg = Release|x64
		{6DFF2BCE-35E9-4535-996A-8E3F21530EAD}.Release|x64.Build.0 = Release|x64
		{895674D4-21E7-441D-98D5-3AB4BA2AFF69}.Debug|Any CPU.ActiveCfg = Debug|Any CPU
		{895674D4-21E7-441D-98D5-3AB4BA2AFF69}.Debug|Any CPU.Build.0 = Debug|Any CPU
		{895674D4-21E7-441D-98D5-3AB4BA2AFF69}.Debug|x64.ActiveCfg = Debug|Any CPU
		{895674D4-21E7-441D-98D5-3AB4BA2AFF69}.Debug|x64.Build.0 = Debug|Any CPU
		{895674D4-21E7-441D-98D5-3AB4BA2AFF69}.Release|Any CPU.ActiveCfg = Release|Any CPU
		{895674D4-21E7-441D-98D5-3AB4BA2AFF69}.Release|Any CPU.Build.0 = Release|Any CPU
		{895674D4-21E7-441D-98D5-3AB4BA2AFF69}.Release|x64.ActiveCfg = Release|Any CPU
		{895674D4-21E7-441D-98D5-3AB4BA2AFF69}.Release|x64.Build.0 = Release|Any CPU
		{007AB97C-B69B-401D-89C6-02F2F95E5855}.Debug|Any CPU.ActiveCfg = Debug|x64
		{007AB97C-B69B-401D-89C6-02F2F95E5855}.Debug|x64.ActiveCfg = Debug|x64
		{007AB97C-B69B-401D-89C6-02F2F95E5855}.Debug|x64.Build.0 = Debug|x64
		{007AB97C-B69B-401D-89C6-02F2F95E5855}.Release|Any CPU.ActiveCfg = Release|x64
		{007AB97C-B69B-401D-89C6-02F2F95E5855}.Release|x64.ActiveCfg = Release|x64
		{007AB97C-B69B-401D-89C6-02F2F95E5855}.Release|x64.Build.0 = Release|x64
		{3AB8CE93-C36D-4987-A5DD-5CC2DAEB84B4}.Debug|Any CPU.ActiveCfg = Debug|Any CPU
		{3AB8CE93-C36D-4987-A5DD-5CC2DAEB84B4}.Debug|Any CPU.Build.0 = Debug|Any CPU
		{3AB8CE93-C36D-4987-A5DD-5CC2DAEB84B4}.Debug|x64.ActiveCfg = Debug|Any CPU
		{3AB8CE93-C36D-4987-A5DD-5CC2DAEB84B4}.Debug|x64.Build.0 = Debug|Any CPU
		{3AB8CE93-C36D-4987-A5DD-5CC2DAEB84B4}.Release|Any CPU.ActiveCfg = Release|Any CPU
		{3AB8CE93-C36D-4987-A5DD-5CC2DAEB84B4}.Release|Any CPU.Build.0 = Release|Any CPU
		{3AB8CE93-C36D-4987-A5DD-5CC2DAEB84B4}.Release|x64.ActiveCfg = Release|Any CPU
		{3AB8CE93-C36D-4987-A5DD-5CC2DAEB84B4}.Release|x64.Build.0 = Release|Any CPU
		{23A8AFDA-979C-48CB-B1A1-72967CCC439C}.Debug|Any CPU.ActiveCfg = Debug|Any CPU
		{23A8AFDA-979C-48CB-B1A1-72967CCC439C}.Debug|Any CPU.Build.0 = Debug|Any CPU
		{23A8AFDA-979C-48CB-B1A1-72967CCC439C}.Debug|x64.ActiveCfg = Debug|Any CPU
		{23A8AFDA-979C-48CB-B1A1-72967CCC439C}.Debug|x64.Build.0 = Debug|Any CPU
		{23A8AFDA-979C-48CB-B1A1-72967CCC439C}.Release|Any CPU.ActiveCfg = Release|Any CPU
		{23A8AFDA-979C-48CB-B1A1-72967CCC439C}.Release|Any CPU.Build.0 = Release|Any CPU
		{23A8AFDA-979C-48CB-B1A1-72967CCC439C}.Release|x64.ActiveCfg = Release|Any CPU
		{23A8AFDA-979C-48CB-B1A1-72967CCC439C}.Release|x64.Build.0 = Release|Any CPU
		{C0BA81F8-8C3B-423D-9066-92905CEFCF94}.Debug|Any CPU.ActiveCfg = Debug|Any CPU
		{C0BA81F8-8C3B-423D-9066-92905CEFCF94}.Debug|Any CPU.Build.0 = Debug|Any CPU
		{C0BA81F8-8C3B-423D-9066-92905CEFCF94}.Debug|x64.ActiveCfg = Debug|Any CPU
		{C0BA81F8-8C3B-423D-9066-92905CEFCF94}.Debug|x64.Build.0 = Debug|Any CPU
		{C0BA81F8-8C3B-423D-9066-92905CEFCF94}.Release|Any CPU.ActiveCfg = Release|Any CPU
		{C0BA81F8-8C3B-423D-9066-92905CEFCF94}.Release|Any CPU.Build.0 = Release|Any CPU
		{C0BA81F8-8C3B-423D-9066-92905CEFCF94}.Release|x64.ActiveCfg = Release|Any CPU
		{C0BA81F8-8C3B-423D-9066-92905CEFCF94}.Release|x64.Build.0 = Release|Any CPU
	EndGlobalSection
	GlobalSection(SolutionProperties) = preSolution
		HideSolutionNode = FALSE
	EndGlobalSection
	GlobalSection(NestedProjects) = preSolution
		{6DFF2BCE-35E9-4535-996A-8E3F21530EAD} = {6C9D563B-5E8D-49AB-A827-CE98F735567B}
		{895674D4-21E7-441D-98D5-3AB4BA2AFF69} = {6C9D563B-5E8D-49AB-A827-CE98F735567B}
		{C0BA81F8-8C3B-423D-9066-92905CEFCF94} = {6C9D563B-5E8D-49AB-A827-CE98F735567B}
	EndGlobalSection
	GlobalSection(ExtensibilityGlobals) = postSolution
		SolutionGuid = {839C8B27-7C12-42F3-A1E3-85EB0F130282}
	EndGlobalSection
EndGlobal
